
Microsoft Visual Studio Solution File, Format Version 12.00
# Visual Studio 15
VisualStudioVersion = 15.0.27004.2005
MinimumVisualStudioVersion = 10.0.40219.1
Project("{FAE04EC0-301F-11D3-BF4B-00C04F79EFBC}") = "Class 3.2 Prep - Exercise 1", "Class 3.2 Prep - Exercise 1\Class 3.2 Prep - Exercise 1.csproj", "{2ACB6DCE-9D83-4CC4-9708-D8A2661C965B}"
EndProject
Global
	GlobalSection(SolutionConfigurationPlatforms) = preSolution
		Debug|Any CPU = Debug|Any CPU
		Release|Any CPU = Release|Any CPU
	EndGlobalSection
	GlobalSection(ProjectConfigurationPlatforms) = postSolution
		{2ACB6DCE-9D83-4CC4-9708-D8A2661C965B}.Debug|Any CPU.ActiveCfg = Debug|Any CPU
		{2ACB6DCE-9D83-4CC4-9708-D8A2661C965B}.Debug|Any CPU.Build.0 = Debug|Any CPU
		{2ACB6DCE-9D83-4CC4-9708-D8A2661C965B}.Release|Any CPU.ActiveCfg = Release|Any CPU
		{2ACB6DCE-9D83-4CC4-9708-D8A2661C965B}.Release|Any CPU.Build.0 = Release|Any CPU
	EndGlobalSection
	GlobalSection(SolutionProperties) = preSolution
		HideSolutionNode = FALSE
	EndGlobalSection
	GlobalSection(ExtensibilityGlobals) = postSolution
		SolutionGuid = {E05BA194-A556-46E3-8F42-BF9477577D53}
	EndGlobalSection
EndGlobal
