
Microsoft Visual Studio Solution File, Format Version 12.00
# Visual Studio 15
VisualStudioVersion = 15.0.27004.2005
MinimumVisualStudioVersion = 10.0.40219.1
Project("{FAE04EC0-301F-11D3-BF4B-00C04F79EFBC}") = "Class 3.2 Prep - Exercise 3", "Class 3.2 Prep - Exercise 3\Class 3.2 Prep - Exercise 3.csproj", "{915807AE-C452-4F2D-A0DA-EE8011A64C16}"
EndProject
Global
	GlobalSection(SolutionConfigurationPlatforms) = preSolution
		Debug|Any CPU = Debug|Any CPU
		Release|Any CPU = Release|Any CPU
	EndGlobalSection
	GlobalSection(ProjectConfigurationPlatforms) = postSolution
		{915807AE-C452-4F2D-A0DA-EE8011A64C16}.Debug|Any CPU.ActiveCfg = Debug|Any CPU
		{915807AE-C452-4F2D-A0DA-EE8011A64C16}.Debug|Any CPU.Build.0 = Debug|Any CPU
		{915807AE-C452-4F2D-A0DA-EE8011A64C16}.Release|Any CPU.ActiveCfg = Release|Any CPU
		{915807AE-C452-4F2D-A0DA-EE8011A64C16}.Release|Any CPU.Build.0 = Release|Any CPU
	EndGlobalSection
	GlobalSection(SolutionProperties) = preSolution
		HideSolutionNode = FALSE
	EndGlobalSection
	GlobalSection(ExtensibilityGlobals) = postSolution
		SolutionGuid = {6D831DAC-5E9A-4D25-A594-6AA9AFAAC592}
	EndGlobalSection
EndGlobal
